
Microsoft Visual Studio Solution File, Format Version 11.00
# Visual Studio 2010
Project("{E24C65DC-7377-472B-9ABA-BC803B73C61A}") = "lndx", ".", "{9096F6B7-23D3-426A-8170-C74FB8E845CA}"
	ProjectSection(WebsiteProperties) = preProject
		TargetFrameworkMoniker = ".NETFramework,Version%3Dv4.0"
		Debug.AspNetCompiler.VirtualPath = "/lndx"
		Debug.AspNetCompiler.PhysicalPath = "F:\毕业设计\lndx\"
		Debug.AspNetCompiler.TargetPath = "PrecompiledWeb\lndx\"
		Debug.AspNetCompiler.Updateable = "true"
		Debug.AspNetCompiler.ForceOverwrite = "true"
		Debug.AspNetCompiler.FixedNames = "false"
		Debug.AspNetCompiler.Debug = "True"
		Release.AspNetCompiler.VirtualPath = "/lndx"
		Release.AspNetCompiler.PhysicalPath = "F:\毕业设计\lndx\"
		Release.AspNetCompiler.TargetPath = "PrecompiledWeb\lndx\"
		Release.AspNetCompiler.Updateable = "true"
		Release.AspNetCompiler.ForceOverwrite = "true"
		Release.AspNetCompiler.FixedNames = "false"
		Release.AspNetCompiler.Debug = "False"
		VWDPort = "16596"
	EndProjectSection
EndProject
Global
	GlobalSection(SolutionConfigurationPlatforms) = preSolution
		Debug|Any CPU = Debug|Any CPU
	EndGlobalSection
	GlobalSection(ProjectConfigurationPlatforms) = postSolution
		{9096F6B7-23D3-426A-8170-C74FB8E845CA}.Debug|Any CPU.ActiveCfg = Debug|Any CPU
		{9096F6B7-23D3-426A-8170-C74FB8E845CA}.Debug|Any CPU.Build.0 = Debug|Any CPU
	EndGlobalSection
	GlobalSection(SolutionProperties) = preSolution
		HideSolutionNode = FALSE
	EndGlobalSection
EndGlobal
